// !$*UTF8*$!
{
	archiveVersion = 1;
	classes = {
	};
	objectVersion = 56;
	objects = {

/* Begin PBXBuildFile section */
		E7E2C6672C91CEA600767C0F /* TODO_sAppApp.swift in Sources */ = {isa = PBXBuildFile; fileRef = E7E2C6662C91CEA600767C0F /* TODO_sAppApp.swift */; };
		E7E2C6692C91CEA600767C0F /* ContentView.swift in Sources */ = {isa = PBXBuildFile; fileRef = E7E2C6682C91CEA600767C0F /* ContentView.swift */; };
		E7E2C66B2C91CEA800767C0F /* Assets.xcassets in Resources */ = {isa = PBXBuildFile; fileRef = E7E2C66A2C91CEA800767C0F /* Assets.xcassets */; };
		E7E2C66E2C91CEA800767C0F /* Preview Assets.xcassets in Resources */ = {isa = PBXBuildFile; fileRef = E7E2C66D2C91CEA800767C0F /* Preview Assets.xcassets */; };
		E7E2C6782C91CEA900767C0F /* TODO_sAppTests.swift in Sources */ = {isa = PBXBuildFile; fileRef = E7E2C6772C91CEA900767C0F /* TODO_sAppTests.swift */; };
		E7E2C6822C91CEA900767C0F /* TODO_sAppUITests.swift in Sources */ = {isa = PBXBuildFile; fileRef = E7E2C6812C91CEA900767C0F /* TODO_sAppUITests.swift */; };
		E7E2C6842C91CEA900767C0F /* TODO_sAppUITestsLaunchTests.swift in Sources */ = {isa = PBXBuildFile; fileRef = E7E2C6832C91CEA900767C0F /* TODO_sAppUITestsLaunchTests.swift */; };
		E7E2C6942C91CF6E00767C0F /* ItemModel.swift in Sources */ = {isa = PBXBuildFile; fileRef = E7E2C6932C91CF6E00767C0F /* ItemModel.swift */; };
		E7E2C6962C91CF7600767C0F /* ListViewModel.swift in Sources */ = {isa = PBXBuildFile; fileRef = E7E2C6952C91CF7600767C0F /* ListViewModel.swift */; };
		E7E2C69B2C91CF8100767C0F /* ListView.swift in Sources */ = {isa = PBXBuildFile; fileRef = E7E2C6972C91CF8000767C0F /* ListView.swift */; };
		E7E2C69C2C91CF8100767C0F /* AddItemView.swift in Sources */ = {isa = PBXBuildFile; fileRef = E7E2C6982C91CF8100767C0F /* AddItemView.swift */; };
		E7E2C69D2C91CF8100767C0F /* ListViewRow.swift in Sources */ = {isa = PBXBuildFile; fileRef = E7E2C6992C91CF8100767C0F /* ListViewRow.swift */; };
		E7E2C69E2C91CF8100767C0F /* NoItemsView.swift in Sources */ = {isa = PBXBuildFile; fileRef = E7E2C69A2C91CF8100767C0F /* NoItemsView.swift */; };
/* End PBXBuildFile section */

/* Begin PBXContainerItemProxy section */
		E7E2C6742C91CEA900767C0F /* PBXContainerItemProxy */ = {
			isa = PBXContainerItemProxy;
			containerPortal = E7E2C65B2C91CEA600767C0F /* Project object */;
			proxyType = 1;
			remoteGlobalIDString = E7E2C6622C91CEA600767C0F;
			remoteInfo = "TODO'sApp";
		};
		E7E2C67E2C91CEA900767C0F /* PBXContainerItemProxy */ = {
			isa = PBXContainerItemProxy;
			containerPortal = E7E2C65B2C91CEA600767C0F /* Project object */;
			proxyType = 1;
			remoteGlobalIDString = E7E2C6622C91CEA600767C0F;
			remoteInfo = "TODO'sApp";
		};
/* End PBXContainerItemProxy section */

/* Begin PBXFileReference section */
		E7E2C6632C91CEA600767C0F /* TODO'sApp.app */ = {isa = PBXFileReference; explicitFileType = wrapper.application; includeInIndex = 0; path = "TODO'sApp.app"; sourceTree = BUILT_PRODUCTS_DIR; };
		E7E2C6662C91CEA600767C0F /* TODO_sAppApp.swift */ = {isa = PBXFileReference; lastKnownFileType = sourcecode.swift; path = TODO_sAppApp.swift; sourceTree = "<group>"; };
		E7E2C6682C91CEA600767C0F /* ContentView.swift */ = {isa = PBXFileReference; lastKnownFileType = sourcecode.swift; path = ContentView.swift; sourceTree = "<group>"; };
		E7E2C66A2C91CEA800767C0F /* Assets.xcassets */ = {isa = PBXFileReference; lastKnownFileType = folder.assetcatalog; path = Assets.xcassets; sourceTree = "<group>"; };
		E7E2C66D2C91CEA800767C0F /* Preview Assets.xcassets */ = {isa = PBXFileReference; lastKnownFileType = folder.assetcatalog; path = "Preview Assets.xcassets"; sourceTree = "<group>"; };
		E7E2C6732C91CEA900767C0F /* TODO'sAppTests.xctest */ = {isa = PBXFileReference; explicitFileType = wrapper.cfbundle; includeInIndex = 0; path = "TODO'sAppTests.xctest"; sourceTree = BUILT_PRODUCTS_DIR; };
		E7E2C6772C91CEA900767C0F /* TODO_sAppTests.swift */ = {isa = PBXFileReference; lastKnownFileType = sourcecode.swift; path = TODO_sAppTests.swift; sourceTree = "<group>"; };
		E7E2C67D2C91CEA900767C0F /* TODO'sAppUITests.xctest */ = {isa = PBXFileReference; explicitFileType = wrapper.cfbundle; includeInIndex = 0; path = "TODO'sAppUITests.xctest"; sourceTree = BUILT_PRODUCTS_DIR; };
		E7E2C6812C91CEA900767C0F /* TODO_sAppUITests.swift */ = {isa = PBXFileReference; lastKnownFileType = sourcecode.swift; path = TODO_sAppUITests.swift; sourceTree = "<group>"; };
		E7E2C6832C91CEA900767C0F /* TODO_sAppUITestsLaunchTests.swift */ = {isa = PBXFileReference; lastKnownFileType = sourcecode.swift; path = TODO_sAppUITestsLaunchTests.swift; sourceTree = "<group>"; };
		E7E2C6932C91CF6E00767C0F /* ItemModel.swift */ = {isa = PBXFileReference; fileEncoding = 4; lastKnownFileType = sourcecode.swift; path = ItemModel.swift; sourceTree = "<group>"; };
		E7E2C6952C91CF7600767C0F /* ListViewModel.swift */ = {isa = PBXFileReference; fileEncoding = 4; lastKnownFileType = sourcecode.swift; path = ListViewModel.swift; sourceTree = "<group>"; };
		E7E2C6972C91CF8000767C0F /* ListView.swift */ = {isa = PBXFileReference; fileEncoding = 4; lastKnownFileType = sourcecode.swift; path = ListView.swift; sourceTree = "<group>"; };
		E7E2C6982C91CF8100767C0F /* AddItemView.swift */ = {isa = PBXFileReference; fileEncoding = 4; lastKnownFileType = sourcecode.swift; path = AddItemView.swift; sourceTree = "<group>"; };
		E7E2C6992C91CF8100767C0F /* ListViewRow.swift */ = {isa = PBXFileReference; fileEncoding = 4; lastKnownFileType = sourcecode.swift; path = ListViewRow.swift; sourceTree = "<group>"; };
		E7E2C69A2C91CF8100767C0F /* NoItemsView.swift */ = {isa = PBXFileReference; fileEncoding = 4; lastKnownFileType = sourcecode.swift; path = NoItemsView.swift; sourceTree = "<group>"; };
/* End PBXFileReference section */

/* Begin PBXFrameworksBuildPhase section */
		E7E2C6602C91CEA600767C0F /* Frameworks */ = {
			isa = PBXFrameworksBuildPhase;
			buildActionMask = 2147483647;
			files = (
			);
			runOnlyForDeploymentPostprocessing = 0;
		};
		E7E2C6702C91CEA900767C0F /* Frameworks */ = {
			isa = PBXFrameworksBuildPhase;
			buildActionMask = 2147483647;
			files = (
			);
			runOnlyForDeploymentPostprocessing = 0;
		};
		E7E2C67A2C91CEA900767C0F /* Frameworks */ = {
			isa = PBXFrameworksBuildPhase;
			buildActionMask = 2147483647;
			files = (
			);
			runOnlyForDeploymentPostprocessing = 0;
		};
/* End PBXFrameworksBuildPhase section */

/* Begin PBXGroup section */
		E7E2C65A2C91CEA600767C0F = {
			isa = PBXGroup;
			children = (
				E7E2C6652C91CEA600767C0F /* TODO'sApp */,
				E7E2C6762C91CEA900767C0F /* TODO'sAppTests */,
				E7E2C6802C91CEA900767C0F /* TODO'sAppUITests */,
				E7E2C6642C91CEA600767C0F /* Products */,
			);
			sourceTree = "<group>";
		};
		E7E2C6642C91CEA600767C0F /* Products */ = {
			isa = PBXGroup;
			children = (
				E7E2C6632C91CEA600767C0F /* TODO'sApp.app */,
				E7E2C6732C91CEA900767C0F /* TODO'sAppTests.xctest */,
				E7E2C67D2C91CEA900767C0F /* TODO'sAppUITests.xctest */,
			);
			name = Products;
			sourceTree = "<group>";
		};
		E7E2C6652C91CEA600767C0F /* TODO'sApp */ = {
			isa = PBXGroup;
			children = (
				E7E2C6922C91CEBE00767C0F /* ViewModel */,
				E7E2C6912C91CEB800767C0F /* Model */,
				E7E2C6902C91CEB100767C0F /* View */,
				E7E2C6662C91CEA600767C0F /* TODO_sAppApp.swift */,
				E7E2C6682C91CEA600767C0F /* ContentView.swift */,
				E7E2C66A2C91CEA800767C0F /* Assets.xcassets */,
				E7E2C66C2C91CEA800767C0F /* Preview Content */,
			);
			path = "TODO'sApp";
			sourceTree = "<group>";
		};
		E7E2C66C2C91CEA800767C0F /* Preview Content */ = {
			isa = PBXGroup;
			children = (
				E7E2C66D2C91CEA800767C0F /* Preview Assets.xcassets */,
			);
			path = "Preview Content";
			sourceTree = "<group>";
		};
		E7E2C6762C91CEA900767C0F /* TODO'sAppTests */ = {
			isa = PBXGroup;
			children = (
				E7E2C6772C91CEA900767C0F /* TODO_sAppTests.swift */,
			);
			path = "TODO'sAppTests";
			sourceTree = "<group>";
		};
		E7E2C6802C91CEA900767C0F /* TODO'sAppUITests */ = {
			isa = PBXGroup;
			children = (
				E7E2C6812C91CEA900767C0F /* TODO_sAppUITests.swift */,
				E7E2C6832C91CEA900767C0F /* TODO_sAppUITestsLaunchTests.swift */,
			);
			path = "TODO'sAppUITests";
			sourceTree = "<group>";
		};
		E7E2C6902C91CEB100767C0F /* View */ = {
			isa = PBXGroup;
			children = (
				E7E2C6982C91CF8100767C0F /* AddItemView.swift */,
				E7E2C6972C91CF8000767C0F /* ListView.swift */,
				E7E2C6992C91CF8100767C0F /* ListViewRow.swift */,
				E7E2C69A2C91CF8100767C0F /* NoItemsView.swift */,
			);
			path = View;
			sourceTree = "<group>";
		};
		E7E2C6912C91CEB800767C0F /* Model */ = {
			isa = PBXGroup;
			children = (
				E7E2C6932C91CF6E00767C0F /* ItemModel.swift */,
			);
			path = Model;
			sourceTree = "<group>";
		};
		E7E2C6922C91CEBE00767C0F /* ViewModel */ = {
			isa = PBXGroup;
			children = (
				E7E2C6952C91CF7600767C0F /* ListViewModel.swift */,
			);
			path = ViewModel;
			sourceTree = "<group>";
		};
/* End PBXGroup section */

/* Begin PBXNativeTarget section */
		E7E2C6622C91CEA600767C0F /* TODO'sApp */ = {
			isa = PBXNativeTarget;
			buildConfigurationList = E7E2C6872C91CEA900767C0F /* Build configuration list for PBXNativeTarget "TODO'sApp" */;
			buildPhases = (
				E7E2C65F2C91CEA600767C0F /* Sources */,
				E7E2C6602C91CEA600767C0F /* Frameworks */,
				E7E2C6612C91CEA600767C0F /* Resources */,
			);
			buildRules = (
			);
			dependencies = (
			);
			name = "TODO'sApp";
			productName = "TODO'sApp";
			productReference = E7E2C6632C91CEA600767C0F /* TODO'sApp.app */;
			productType = "com.apple.product-type.application";
		};
		E7E2C6722C91CEA900767C0F /* TODO'sAppTests */ = {
			isa = PBXNativeTarget;
			buildConfigurationList = E7E2C68A2C91CEA900767C0F /* Build configuration list for PBXNativeTarget "TODO'sAppTests" */;
			buildPhases = (
				E7E2C66F2C91CEA900767C0F /* Sources */,
				E7E2C6702C91CEA900767C0F /* Frameworks */,
				E7E2C6712C91CEA900767C0F /* Resources */,
			);
			buildRules = (
			);
			dependencies = (
				E7E2C6752C91CEA900767C0F /* PBXTargetDependency */,
			);
			name = "TODO'sAppTests";
			productName = "TODO'sAppTests";
			productReference = E7E2C6732C91CEA900767C0F /* TODO'sAppTests.xctest */;
			productType = "com.apple.product-type.bundle.unit-test";
		};
		E7E2C67C2C91CEA900767C0F /* TODO'sAppUITests */ = {
			isa = PBXNativeTarget;
			buildConfigurationList = E7E2C68D2C91CEA900767C0F /* Build configuration list for PBXNativeTarget "TODO'sAppUITests" */;
			buildPhases = (
				E7E2C6792C91CEA900767C0F /* Sources */,
				E7E2C67A2C91CEA900767C0F /* Frameworks */,
				E7E2C67B2C91CEA900767C0F /* Resources */,
			);
			buildRules = (
			);
			dependencies = (
				E7E2C67F2C91CEA900767C0F /* PBXTargetDependency */,
			);
			name = "TODO'sAppUITests";
			productName = "TODO'sAppUITests";
			productReference = E7E2C67D2C91CEA900767C0F /* TODO'sAppUITests.xctest */;
			productType = "com.apple.product-type.bundle.ui-testing";
		};
/* End PBXNativeTarget section */

/* Begin PBXProject section */
		E7E2C65B2C91CEA600767C0F /* Project object */ = {
			isa = PBXProject;
			attributes = {
				BuildIndependentTargetsInParallel = 1;
				LastSwiftUpdateCheck = 1540;
				LastUpgradeCheck = 1540;
				TargetAttributes = {
					E7E2C6622C91CEA600767C0F = {
						CreatedOnToolsVersion = 15.4;
					};
					E7E2C6722C91CEA900767C0F = {
						CreatedOnToolsVersion = 15.4;
						TestTargetID = E7E2C6622C91CEA600767C0F;
					};
					E7E2C67C2C91CEA900767C0F = {
						CreatedOnToolsVersion = 15.4;
						TestTargetID = E7E2C6622C91CEA600767C0F;
					};
				};
			};
			buildConfigurationList = E7E2C65E2C91CEA600767C0F /* Build configuration list for PBXProject "TODO'sApp" */;
			compatibilityVersion = "Xcode 14.0";
			developmentRegion = en;
			hasScannedForEncodings = 0;
			knownRegions = (
				en,
				Base,
			);
			mainGroup = E7E2C65A2C91CEA600767C0F;
			productRefGroup = E7E2C6642C91CEA600767C0F /* Products */;
			projectDirPath = "";
			projectRoot = "";
			targets = (
				E7E2C6622C91CEA600767C0F /* TODO'sApp */,
				E7E2C6722C91CEA900767C0F /* TODO'sAppTests */,
				E7E2C67C2C91CEA900767C0F /* TODO'sAppUITests */,
			);
		};
/* End PBXProject section */

/* Begin PBXResourcesBuildPhase section */
		E7E2C6612C91CEA600767C0F /* Resources */ = {
			isa = PBXResourcesBuildPhase;
			buildActionMask = 2147483647;
			files = (
				E7E2C66E2C91CEA800767C0F /* Preview Assets.xcassets in Resources */,
				E7E2C66B2C91CEA800767C0F /* Assets.xcassets in Resources */,
			);
			runOnlyForDeploymentPostprocessing = 0;
		};
		E7E2C6712C91CEA900767C0F /* Resources */ = {
			isa = PBXResourcesBuildPhase;
			buildActionMask = 2147483647;
			files = (
			);
			runOnlyForDeploymentPostprocessing = 0;
		};
		E7E2C67B2C91CEA900767C0F /* Resources */ = {
			isa = PBXResourcesBuildPhase;
			buildActionMask = 2147483647;
			files = (
			);
			runOnlyForDeploymentPostprocessing = 0;
		};
/* End PBXResourcesBuildPhase section */

/* Begin PBXSourcesBuildPhase section */
		E7E2C65F2C91CEA600767C0F /* Sources */ = {
			isa = PBXSourcesBuildPhase;
			buildActionMask = 2147483647;
			files = (
				E7E2C6942C91CF6E00767C0F /* ItemModel.swift in Sources */,
				E7E2C69D2C91CF8100767C0F /* ListViewRow.swift in Sources */,
				E7E2C69C2C91CF8100767C0F /* AddItemView.swift in Sources */,
				E7E2C6692C91CEA600767C0F /* ContentView.swift in Sources */,
				E7E2C69B2C91CF8100767C0F /* ListView.swift in Sources */,
				E7E2C6962C91CF7600767C0F /* ListViewModel.swift in Sources */,
				E7E2C69E2C91CF8100767C0F /* NoItemsView.swift in Sources */,
				E7E2C6672C91CEA600767C0F /* TODO_sAppApp.swift in Sources */,
			);
			runOnlyForDeploymentPostprocessing = 0;
		};
		E7E2C66F2C91CEA900767C0F /* Sources */ = {
			isa = PBXSourcesBuildPhase;
			buildActionMask = 2147483647;
			files = (
				E7E2C6782C91CEA900767C0F /* TODO_sAppTests.swift in Sources */,
			);
			runOnlyForDeploymentPostprocessing = 0;
		};
		E7E2C6792C91CEA900767C0F /* Sources */ = {
			isa = PBXSourcesBuildPhase;
			buildActionMask = 2147483647;
			files = (
				E7E2C6842C91CEA900767C0F /* TODO_sAppUITestsLaunchTests.swift in Sources */,
				E7E2C6822C91CEA900767C0F /* TODO_sAppUITests.swift in Sources */,
			);
			runOnlyForDeploymentPostprocessing = 0;
		};
/* End PBXSourcesBuildPhase section */

/* Begin PBXTargetDependency section */
		E7E2C6752C91CEA900767C0F /* PBXTargetDependency */ = {
			isa = PBXTargetDependency;
			target = E7E2C6622C91CEA600767C0F /* TODO'sApp */;
			targetProxy = E7E2C6742C91CEA900767C0F /* PBXContainerItemProxy */;
		};
		E7E2C67F2C91CEA900767C0F /* PBXTargetDependency */ = {
			isa = PBXTargetDependency;
			target = E7E2C6622C91CEA600767C0F /* TODO'sApp */;
			targetProxy = E7E2C67E2C91CEA900767C0F /* PBXContainerItemProxy */;
		};
/* End PBXTargetDependency section */

/* Begin XCBuildConfiguration section */
		E7E2C6852C91CEA900767C0F /* Debug */ = {
			isa = XCBuildConfiguration;
			buildSettings = {
				ALWAYS_SEARCH_USER_PATHS = NO;
				ASSETCATALOG_COMPILER_GENERATE_SWIFT_ASSET_SYMBOL_EXTENSIONS = YES;
				CLANG_ANALYZER_NONNULL = YES;
				CLANG_ANALYZER_NUMBER_OBJECT_CONVERSION = YES_AGGRESSIVE;
				CLANG_CXX_LANGUAGE_STANDARD = "gnu++20";
				CLANG_ENABLE_MODULES = YES;
				CLANG_ENABLE_OBJC_ARC = YES;
				CLANG_ENABLE_OBJC_WEAK = YES;
				CLANG_WARN_BLOCK_CAPTURE_AUTORELEASING = YES;
				CLANG_WARN_BOOL_CONVERSION = YES;
				CLANG_WARN_COMMA = YES;
				CLANG_WARN_CONSTANT_CONVERSION = YES;
				CLANG_WARN_DEPRECATED_OBJC_IMPLEMENTATIONS = YES;
				CLANG_WARN_DIRECT_OBJC_ISA_USAGE = YES_ERROR;
				CLANG_WARN_DOCUMENTATION_COMMENTS = YES;
				CLANG_WARN_EMPTY_BODY = YES;
				CLANG_WARN_ENUM_CONVERSION = YES;
				CLANG_WARN_INFINITE_RECURSION = YES;
				CLANG_WARN_INT_CONVERSION = YES;
				CLANG_WARN_NON_LITERAL_NULL_CONVERSION = YES;
				CLANG_WARN_OBJC_IMPLICIT_RETAIN_SELF = YES;
				CLANG_WARN_OBJC_LITERAL_CONVERSION = YES;
				CLANG_WARN_OBJC_ROOT_CLASS = YES_ERROR;
				CLANG_WARN_QUOTED_INCLUDE_IN_FRAMEWORK_HEADER = YES;
				CLANG_WARN_RANGE_LOOP_ANALYSIS = YES;
				CLANG_WARN_STRICT_PROTOTYPES = YES;
				CLANG_WARN_SUSPICIOUS_MOVE = YES;
				CLANG_WARN_UNGUARDED_AVAILABILITY = YES_AGGRESSIVE;
				CLANG_WARN_UNREACHABLE_CODE = YES;
				CLANG_WARN__DUPLICATE_METHOD_MATCH = YES;
				COPY_PHASE_STRIP = NO;
				DEBUG_INFORMATION_FORMAT = dwarf;
				ENABLE_STRICT_OBJC_MSGSEND = YES;
				ENABLE_TESTABILITY = YES;
				ENABLE_USER_SCRIPT_SANDBOXING = YES;
				GCC_C_LANGUAGE_STANDARD = gnu17;
				GCC_DYNAMIC_NO_PIC = NO;
				GCC_NO_COMMON_BLOCKS = YES;
				GCC_OPTIMIZATION_LEVEL = 0;
				GCC_PREPROCESSOR_DEFINITIONS = (
					"DEBUG=1",
					"$(inherited)",
				);
				GCC_WARN_64_TO_32_BIT_CONVERSION = YES;
				GCC_WARN_ABOUT_RETURN_TYPE = YES_ERROR;
				GCC_WARN_UNDECLARED_SELECTOR = YES;
				GCC_WARN_UNINITIALIZED_AUTOS = YES_AGGRESSIVE;
				GCC_WARN_UNUSED_FUNCTION = YES;
				GCC_WARN_UNUSED_VARIABLE = YES;
				IPHONEOS_DEPLOYMENT_TARGET = 17.5;
				LOCALIZATION_PREFERS_STRING_CATALOGS = YES;
				MTL_ENABLE_DEBUG_INFO = INCLUDE_SOURCE;
				MTL_FAST_MATH = YES;
				ONLY_ACTIVE_ARCH = YES;
				SDKROOT = iphoneos;
				SWIFT_ACTIVE_COMPILATION_CONDITIONS = "DEBUG $(inherited)";
				SWIFT_OPTIMIZATION_LEVEL = "-Onone";
			};
			name = Debug;
		};
		E7E2C6862C91CEA900767C0F /* Release */ = {
			isa = XCBuildConfiguration;
			buildSettings = {
				ALWAYS_SEARCH_USER_PATHS = NO;
				ASSETCATALOG_COMPILER_GENERATE_SWIFT_ASSET_SYMBOL_EXTENSIONS = YES;
				CLANG_ANALYZER_NONNULL = YES;
				CLANG_ANALYZER_NUMBER_OBJECT_CONVERSION = YES_AGGRESSIVE;
				CLANG_CXX_LANGUAGE_STANDARD = "gnu++20";
				CLANG_ENABLE_MODULES = YES;
				CLANG_ENABLE_OBJC_ARC = YES;
				CLANG_ENABLE_OBJC_WEAK = YES;
				CLANG_WARN_BLOCK_CAPTURE_AUTORELEASING = YES;
				CLANG_WARN_BOOL_CONVERSION = YES;
				CLANG_WARN_COMMA = YES;
				CLANG_WARN_CONSTANT_CONVERSION = YES;
				CLANG_WARN_DEPRECATED_OBJC_IMPLEMENTATIONS = YES;
				CLANG_WARN_DIRECT_OBJC_ISA_USAGE = YES_ERROR;
				CLANG_WARN_DOCUMENTATION_COMMENTS = YES;
				CLANG_WARN_EMPTY_BODY = YES;
				CLANG_WARN_ENUM_CONVERSION = YES;
				CLANG_WARN_INFINITE_RECURSION = YES;
				CLANG_WARN_INT_CONVERSION = YES;
				CLANG_WARN_NON_LITERAL_NULL_CONVERSION = YES;
				CLANG_WARN_OBJC_IMPLICIT_RETAIN_SELF = YES;
				CLANG_WARN_OBJC_LITERAL_CONVERSION = YES;
				CLANG_WARN_OBJC_ROOT_CLASS = YES_ERROR;
				CLANG_WARN_QUOTED_INCLUDE_IN_FRAMEWORK_HEADER = YES;
				CLANG_WARN_RANGE_LOOP_ANALYSIS = YES;
				CLANG_WARN_STRICT_PROTOTYPES = YES;
				CLANG_WARN_SUSPICIOUS_MOVE = YES;
				CLANG_WARN_UNGUARDED_AVAILABILITY = YES_AGGRESSIVE;
				CLANG_WARN_UNREACHABLE_CODE = YES;
				CLANG_WARN__DUPLICATE_METHOD_MATCH = YES;
				COPY_PHASE_STRIP = NO;
				DEBUG_INFORMATION_FORMAT = "dwarf-with-dsym";
				ENABLE_NS_ASSERTIONS = NO;
				ENABLE_STRICT_OBJC_MSGSEND = YES;
				ENABLE_USER_SCRIPT_SANDBOXING = YES;
				GCC_C_LANGUAGE_STANDARD = gnu17;
				GCC_NO_COMMON_BLOCKS = YES;
				GCC_WARN_64_TO_32_BIT_CONVERSION = YES;
				GCC_WARN_ABOUT_RETURN_TYPE = YES_ERROR;
				GCC_WARN_UNDECLARED_SELECTOR = YES;
				GCC_WARN_UNINITIALIZED_AUTOS = YES_AGGRESSIVE;
				GCC_WARN_UNUSED_FUNCTION = YES;
				GCC_WARN_UNUSED_VARIABLE = YES;
				IPHONEOS_DEPLOYMENT_TARGET = 17.5;
				LOCALIZATION_PREFERS_STRING_CATALOGS = YES;
				MTL_ENABLE_DEBUG_INFO = NO;
				MTL_FAST_MATH = YES;
				SDKROOT = iphoneos;
				SWIFT_COMPILATION_MODE = wholemodule;
				VALIDATE_PRODUCT = YES;
			};
			name = Release;
		};
		E7E2C6882C91CEA900767C0F /* Debug */ = {
			isa = XCBuildConfiguration;
			buildSettings = {
				ASSETCATALOG_COMPILER_APPICON_NAME = AppIcon;
				ASSETCATALOG_COMPILER_GLOBAL_ACCENT_COLOR_NAME = AccentColor;
				CODE_SIGN_STYLE = Automatic;
				CURRENT_PROJECT_VERSION = 1;
				DEVELOPMENT_ASSET_PATHS = "\"TODO'sApp/Preview Content\"";
				DEVELOPMENT_TEAM = D9Y77N8AZ9;
				ENABLE_PREVIEWS = YES;
				GENERATE_INFOPLIST_FILE = YES;
				INFOPLIST_KEY_UIApplicationSceneManifest_Generation = YES;
				INFOPLIST_KEY_UIApplicationSupportsIndirectInputEvents = YES;
				INFOPLIST_KEY_UILaunchScreen_Generation = YES;
				INFOPLIST_KEY_UISupportedInterfaceOrientations_iPad = "UIInterfaceOrientationPortrait UIInterfaceOrientationPortraitUpsideDown UIInterfaceOrientationLandscapeLeft UIInterfaceOrientationLandscapeRight";
				INFOPLIST_KEY_UISupportedInterfaceOrientations_iPhone = "UIInterfaceOrientationPortrait UIInterfaceOrientationLandscapeLeft UIInterfaceOrientationLandscapeRight";
				LD_RUNPATH_SEARCH_PATHS = (
					"$(inherited)",
					"@executable_path/Frameworks",
				);
				MARKETING_VERSION = 1.0;
				PRODUCT_BUNDLE_IDENTIFIER = "com.xische.task.TODO-sApp";
				PRODUCT_NAME = "$(TARGET_NAME)";
				SWIFT_EMIT_LOC_STRINGS = YES;
				SWIFT_VERSION = 5.0;
				TARGETED_DEVICE_FAMILY = "1,2";
			};
			name = Debug;
		};
		E7E2C6892C91CEA900767C0F /* Release */ = {
			isa = XCBuildConfiguration;
			buildSettings = {
				ASSETCATALOG_COMPILER_APPICON_NAME = AppIcon;
				ASSETCATALOG_COMPILER_GLOBAL_ACCENT_COLOR_NAME = AccentColor;
				CODE_SIGN_STYLE = Automatic;
				CURRENT_PROJECT_VERSION = 1;
				DEVELOPMENT_ASSET_PATHS = "\"TODO'sApp/Preview Content\"";
				DEVELOPMENT_TEAM = D9Y77N8AZ9;
				ENABLE_PREVIEWS = YES;
				GENERATE_INFOPLIST_FILE = YES;
				INFOPLIST_KEY_UIApplicationSceneManifest_Generation = YES;
				INFOPLIST_KEY_UIApplicationSupportsIndirectInputEvents = YES;
				INFOPLIST_KEY_UILaunchScreen_Generation = YES;
				INFOPLIST_KEY_UISupportedInterfaceOrientations_iPad = "UIInterfaceOrientationPortrait UIInterfaceOrientationPortraitUpsideDown UIInterfaceOrientationLandscapeLeft UIInterfaceOrientationLandscapeRight";
				INFOPLIST_KEY_UISupportedInterfaceOrientations_iPhone = "UIInterfaceOrientationPortrait UIInterfaceOrientationLandscapeLeft UIInterfaceOrientationLandscapeRight";
				LD_RUNPATH_SEARCH_PATHS = (
					"$(inherited)",
					"@executable_path/Frameworks",
				);
				MARKETING_VERSION = 1.0;
				PRODUCT_BUNDLE_IDENTIFIER = "com.xische.task.TODO-sApp";
				PRODUCT_NAME = "$(TARGET_NAME)";
				SWIFT_EMIT_LOC_STRINGS = YES;
				SWIFT_VERSION = 5.0;
				TARGETED_DEVICE_FAMILY = "1,2";
			};
			name = Release;
		};
		E7E2C68B2C91CEA900767C0F /* Debug */ = {
			isa = XCBuildConfiguration;
			buildSettings = {
				ALWAYS_EMBED_SWIFT_STANDARD_LIBRARIES = YES;
				BUNDLE_LOADER = "$(TEST_HOST)";
				CODE_SIGN_STYLE = Automatic;
				CURRENT_PROJECT_VERSION = 1;
				GENERATE_INFOPLIST_FILE = YES;
				IPHONEOS_DEPLOYMENT_TARGET = 17.5;
				MARKETING_VERSION = 1.0;
				PRODUCT_BUNDLE_IDENTIFIER = "com.xische.task.TODO-sAppTests";
				PRODUCT_NAME = "$(TARGET_NAME)";
				SWIFT_EMIT_LOC_STRINGS = NO;
				SWIFT_VERSION = 5.0;
				TARGETED_DEVICE_FAMILY = "1,2";
				TEST_HOST = "$(BUILT_PRODUCTS_DIR)/TODO'sApp.app/$(BUNDLE_EXECUTABLE_FOLDER_PATH)/TODO'sApp";
			};
			name = Debug;
		};
		E7E2C68C2C91CEA900767C0F /* Release */ = {
			isa = XCBuildConfiguration;
			buildSettings = {
				ALWAYS_EMBED_SWIFT_STANDARD_LIBRARIES = YES;
				BUNDLE_LOADER = "$(TEST_HOST)";
				CODE_SIGN_STYLE = Automatic;
				CURRENT_PROJECT_VERSION = 1;
				GENERATE_INFOPLIST_FILE = YES;
				IPHONEOS_DEPLOYMENT_TARGET = 17.5;
				MARKETING_VERSION = 1.0;
				PRODUCT_BUNDLE_IDENTIFIER = "com.xische.task.TODO-sAppTests";
				PRODUCT_NAME = "$(TARGET_NAME)";
				SWIFT_EMIT_LOC_STRINGS = NO;
				SWIFT_VERSION = 5.0;
				TARGETED_DEVICE_FAMILY = "1,2";
				TEST_HOST = "$(BUILT_PRODUCTS_DIR)/TODO'sApp.app/$(BUNDLE_EXECUTABLE_FOLDER_PATH)/TODO'sApp";
			};
			name = Release;
		};
		E7E2C68E2C91CEA900767C0F /* Debug */ = {
			isa = XCBuildConfiguration;
			buildSettings = {
				ALWAYS_EMBED_SWIFT_STANDARD_LIBRARIES = YES;
				CODE_SIGN_STYLE = Automatic;
				CURRENT_PROJECT_VERSION = 1;
				GENERATE_INFOPLIST_FILE = YES;
				MARKETING_VERSION = 1.0;
				PRODUCT_BUNDLE_IDENTIFIER = "com.xische.task.TODO-sAppUITests";
				PRODUCT_NAME = "$(TARGET_NAME)";
				SWIFT_EMIT_LOC_STRINGS = NO;
				SWIFT_VERSION = 5.0;
				TARGETED_DEVICE_FAMILY = "1,2";
				TEST_TARGET_NAME = "TODO'sApp";
			};
			name = Debug;
		};
		E7E2C68F2C91CEA900767C0F /* Release */ = {
			isa = XCBuildConfiguration;
			buildSettings = {
				ALWAYS_EMBED_SWIFT_STANDARD_LIBRARIES = YES;
				CODE_SIGN_STYLE = Automatic;
				CURRENT_PROJECT_VERSION = 1;
				GENERATE_INFOPLIST_FILE = YES;
				MARKETING_VERSION = 1.0;
				PRODUCT_BUNDLE_IDENTIFIER = "com.xische.task.TODO-sAppUITests";
				PRODUCT_NAME = "$(TARGET_NAME)";
				SWIFT_EMIT_LOC_STRINGS = NO;
				SWIFT_VERSION = 5.0;
				TARGETED_DEVICE_FAMILY = "1,2";
				TEST_TARGET_NAME = "TODO'sApp";
			};
			name = Release;
		};
/* End XCBuildConfiguration section */

/* Begin XCConfigurationList section */
		E7E2C65E2C91CEA600767C0F /* Build configuration list for PBXProject "TODO'sApp" */ = {
			isa = XCConfigurationList;
			buildConfigurations = (
				E7E2C6852C91CEA900767C0F /* Debug */,
				E7E2C6862C91CEA900767C0F /* Release */,
			);
			defaultConfigurationIsVisible = 0;
			defaultConfigurationName = Release;
		};
		E7E2C6872C91CEA900767C0F /* Build configuration list for PBXNativeTarget "TODO'sApp" */ = {
			isa = XCConfigurationList;
			buildConfigurations = (
				E7E2C6882C91CEA900767C0F /* Debug */,
				E7E2C6892C91CEA900767C0F /* Release */,
			);
			defaultConfigurationIsVisible = 0;
			defaultConfigurationName = Release;
		};
		E7E2C68A2C91CEA900767C0F /* Build configuration list for PBXNativeTarget "TODO'sAppTests" */ = {
			isa = XCConfigurationList;
			buildConfigurations = (
				E7E2C68B2C91CEA900767C0F /* Debug */,
				E7E2C68C2C91CEA900767C0F /* Release */,
			);
			defaultConfigurationIsVisible = 0;
			defaultConfigurationName = Release;
		};
		E7E2C68D2C91CEA900767C0F /* Build configuration list for PBXNativeTarget "TODO'sAppUITests" */ = {
			isa = XCConfigurationList;
			buildConfigurations = (
				E7E2C68E2C91CEA900767C0F /* Debug */,
				E7E2C68F2C91CEA900767C0F /* Release */,
			);
			defaultConfigurationIsVisible = 0;
			defaultConfigurationName = Release;
		};
/* End XCConfigurationList section */
	};
	rootObject = E7E2C65B2C91CEA600767C0F /* Project object */;
}
